
Microsoft Visual Studio Solution File, Format Version 12.00
# Visual Studio Version 16
VisualStudioVersion = 16.0.36602.28
MinimumVisualStudioVersion = 10.0.40219.1
Project("{888888A0-9F3D-457C-B088-3A5042F75D52}") = "python-telegram-bot", "python-telegram-bot\python-telegram-bot.pyproj", "{FD2E30CD-D6FC-4CE2-AED4-5C0777241908}"
EndProject
Global
	GlobalSection(SolutionConfigurationPlatforms) = preSolution
		Debug|Any CPU = Debug|Any CPU
		Release|Any CPU = Release|Any CPU
	EndGlobalSection
	GlobalSection(ProjectConfigurationPlatforms) = postSolution
		{FD2E30CD-D6FC-4CE2-AED4-5C0777241908}.Debug|Any CPU.ActiveCfg = Debug|Any CPU
		{FD2E30CD-D6FC-4CE2-AED4-5C0777241908}.Release|Any CPU.ActiveCfg = Release|Any CPU
	EndGlobalSection
	GlobalSection(SolutionProperties) = preSolution
		HideSolutionNode = FALSE
	EndGlobalSection
	GlobalSection(ExtensibilityGlobals) = postSolution
		SolutionGuid = {2CF63517-5058-4889-8882-C73EDF4BFE7A}
	EndGlobalSection
EndGlobal
